
Microsoft Visual Studio Solution File, Format Version 12.00
# Visual Studio Version 16
VisualStudioVersion = 16.0.32228.343
MinimumVisualStudioVersion = 10.0.40219.1
Project("{FAE04EC0-301F-11D3-BF4B-00C04F79EFBC}") = "PepitoSchoolApp", "PepitoSchoolApp\PepitoSchoolApp.csproj", "{900B0B4F-6FA7-4400-B927-6433AD41439B}"
EndProject
Project("{FAE04EC0-301F-11D3-BF4B-00C04F79EFBC}") = "PepitoSchoolApp.Domain", "PepitoSchoolApp.Domain\PepitoSchoolApp.Domain.csproj", "{CC4B6F88-B0C0-4CA8-A95A-615C7EBEBBED}"
EndProject
Project("{FAE04EC0-301F-11D3-BF4B-00C04F79EFBC}") = "PepitoSchoolApp.Infraestructure", "PepitoSchoolApp.Infraestructure\PepitoSchoolApp.Infraestructure.csproj", "{503F2EF1-0084-4C77-BAFB-0CCFFEFF70E2}"
EndProject
Project("{FAE04EC0-301F-11D3-BF4B-00C04F79EFBC}") = "PepitoSchooolApp.Application", "PepitoSchooolApp.Application\PepitoSchooolApp.Application.csproj", "{525EE082-8F47-4707-B29F-46A06FEBCA0B}"
EndProject
Global
	GlobalSection(SolutionConfigurationPlatforms) = preSolution
		Debug|Any CPU = Debug|Any CPU
		Release|Any CPU = Release|Any CPU
	EndGlobalSection
	GlobalSection(ProjectConfigurationPlatforms) = postSolution
		{900B0B4F-6FA7-4400-B927-6433AD41439B}.Debug|Any CPU.ActiveCfg = Debug|Any CPU
		{900B0B4F-6FA7-4400-B927-6433AD41439B}.Debug|Any CPU.Build.0 = Debug|Any CPU
		{900B0B4F-6FA7-4400-B927-6433AD41439B}.Release|Any CPU.ActiveCfg = Release|Any CPU
		{900B0B4F-6FA7-4400-B927-6433AD41439B}.Release|Any CPU.Build.0 = Release|Any CPU
		{CC4B6F88-B0C0-4CA8-A95A-615C7EBEBBED}.Debug|Any CPU.ActiveCfg = Debug|Any CPU
		{CC4B6F88-B0C0-4CA8-A95A-615C7EBEBBED}.Debug|Any CPU.Build.0 = Debug|Any CPU
		{CC4B6F88-B0C0-4CA8-A95A-615C7EBEBBED}.Release|Any CPU.ActiveCfg = Release|Any CPU
		{CC4B6F88-B0C0-4CA8-A95A-615C7EBEBBED}.Release|Any CPU.Build.0 = Release|Any CPU
		{503F2EF1-0084-4C77-BAFB-0CCFFEFF70E2}.Debug|Any CPU.ActiveCfg = Debug|Any CPU
		{503F2EF1-0084-4C77-BAFB-0CCFFEFF70E2}.Debug|Any CPU.Build.0 = Debug|Any CPU
		{503F2EF1-0084-4C77-BAFB-0CCFFEFF70E2}.Release|Any CPU.ActiveCfg = Release|Any CPU
		{503F2EF1-0084-4C77-BAFB-0CCFFEFF70E2}.Release|Any CPU.Build.0 = Release|Any CPU
		{525EE082-8F47-4707-B29F-46A06FEBCA0B}.Debug|Any CPU.ActiveCfg = Debug|Any CPU
		{525EE082-8F47-4707-B29F-46A06FEBCA0B}.Debug|Any CPU.Build.0 = Debug|Any CPU
		{525EE082-8F47-4707-B29F-46A06FEBCA0B}.Release|Any CPU.ActiveCfg = Release|Any CPU
		{525EE082-8F47-4707-B29F-46A06FEBCA0B}.Release|Any CPU.Build.0 = Release|Any CPU
	EndGlobalSection
	GlobalSection(SolutionProperties) = preSolution
		HideSolutionNode = FALSE
	EndGlobalSection
	GlobalSection(ExtensibilityGlobals) = postSolution
		SolutionGuid = {BADD5C0B-E978-4A88-8D1C-BCCAF737E12F}
	EndGlobalSection
EndGlobal
